// !$*UTF8*$!
{
	archiveVersion = 1;
	classes = {
	};
	objectVersion = 48;
	objects = {

/* Begin PBXBuildFile section */
		4214B7601FF32F7A00908152 /* AppDelegate.swift in Sources */ = {isa = PBXBuildFile; fileRef = 4214B75F1FF32F7A00908152 /* AppDelegate.swift */; };
		4214B7621FF32F7A00908152 /* ViewController.swift in Sources */ = {isa = PBXBuildFile; fileRef = 4214B7611FF32F7A00908152 /* ViewController.swift */; };
		4214B7651FF32F7A00908152 /* Main.storyboard in Resources */ = {isa = PBXBuildFile; fileRef = 4214B7631FF32F7A00908152 /* Main.storyboard */; };
		4214B7671FF32F7A00908152 /* Assets.xcassets in Resources */ = {isa = PBXBuildFile; fileRef = 4214B7661FF32F7A00908152 /* Assets.xcassets */; };
		4214B76A1FF32F7A00908152 /* LaunchScreen.storyboard in Resources */ = {isa = PBXBuildFile; fileRef = 4214B7681FF32F7A00908152 /* LaunchScreen.storyboard */; };
		4214B7751FF32F7A00908152 /* _____Tests.swift in Sources */ = {isa = PBXBuildFile; fileRef = 4214B7741FF32F7A00908152 /* _____Tests.swift */; };
		4214B7801FF32F7A00908152 /* _____UITests.swift in Sources */ = {isa = PBXBuildFile; fileRef = 4214B77F1FF32F7A00908152 /* _____UITests.swift */; };
/* End PBXBuildFile section */

/* Begin PBXContainerItemProxy section */
		4214B7711FF32F7A00908152 /* PBXContainerItemProxy */ = {
			isa = PBXContainerItemProxy;
			containerPortal = 4214B7541FF32F7A00908152 /* Project object */;
			proxyType = 1;
			remoteGlobalIDString = 4214B75B1FF32F7A00908152;
			remoteInfo = "サンタさん";
		};
		4214B77C1FF32F7A00908152 /* PBXContainerItemProxy */ = {
			isa = PBXContainerItemProxy;
			containerPortal = 4214B7541FF32F7A00908152 /* Project object */;
			proxyType = 1;
			remoteGlobalIDString = 4214B75B1FF32F7A00908152;
			remoteInfo = "サンタさん";
		};
/* End PBXContainerItemProxy section */

/* Begin PBXFileReference section */
		4214B75C1FF32F7A00908152 /* サンタさん.app */ = {isa = PBXFileReference; explicitFileType = wrapper.application; includeInIndex = 0; path = "サンタさん.app"; sourceTree = BUILT_PRODUCTS_DIR; };
		4214B75F1FF32F7A00908152 /* AppDelegate.swift */ = {isa = PBXFileReference; lastKnownFileType = sourcecode.swift; path = AppDelegate.swift; sourceTree = "<group>"; };
		4214B7611FF32F7A00908152 /* ViewController.swift */ = {isa = PBXFileReference; lastKnownFileType = sourcecode.swift; path = ViewController.swift; sourceTree = "<group>"; };
		4214B7641FF32F7A00908152 /* Base */ = {isa = PBXFileReference; lastKnownFileType = file.storyboard; name = Base; path = Base.lproj/Main.storyboard; sourceTree = "<group>"; };
		4214B7661FF32F7A00908152 /* Assets.xcassets */ = {isa = PBXFileReference; lastKnownFileType = folder.assetcatalog; path = Assets.xcassets; sourceTree = "<group>"; };
		4214B7691FF32F7A00908152 /* Base */ = {isa = PBXFileReference; lastKnownFileType = file.storyboard; name = Base; path = Base.lproj/LaunchScreen.storyboard; sourceTree = "<group>"; };
		4214B76B1FF32F7A00908152 /* Info.plist */ = {isa = PBXFileReference; lastKnownFileType = text.plist.xml; path = Info.plist; sourceTree = "<group>"; };
		4214B7701FF32F7A00908152 /* サンタさんTests.xctest */ = {isa = PBXFileReference; explicitFileType = wrapper.cfbundle; includeInIndex = 0; path = "サンタさんTests.xctest"; sourceTree = BUILT_PRODUCTS_DIR; };
		4214B7741FF32F7A00908152 /* _____Tests.swift */ = {isa = PBXFileReference; lastKnownFileType = sourcecode.swift; path = "_____Tests.swift"; sourceTree = "<group>"; };
		4214B7761FF32F7A00908152 /* Info.plist */ = {isa = PBXFileReference; lastKnownFileType = text.plist.xml; path = Info.plist; sourceTree = "<group>"; };
		4214B77B1FF32F7A00908152 /* サンタさんUITests.xctest */ = {isa = PBXFileReference; explicitFileType = wrapper.cfbundle; includeInIndex = 0; path = "サンタさんUITests.xctest"; sourceTree = BUILT_PRODUCTS_DIR; };
		4214B77F1FF32F7A00908152 /* _____UITests.swift */ = {isa = PBXFileReference; lastKnownFileType = sourcecode.swift; path = "_____UITests.swift"; sourceTree = "<group>"; };
		4214B7811FF32F7A00908152 /* Info.plist */ = {isa = PBXFileReference; lastKnownFileType = text.plist.xml; path = Info.plist; sourceTree = "<group>"; };
/* End PBXFileReference section */

/* Begin PBXFrameworksBuildPhase section */
		4214B7591FF32F7A00908152 /* Frameworks */ = {
			isa = PBXFrameworksBuildPhase;
			buildActionMask = 2147483647;
			files = (
			);
			runOnlyForDeploymentPostprocessing = 0;
		};
		4214B76D1FF32F7A00908152 /* Frameworks */ = {
			isa = PBXFrameworksBuildPhase;
			buildActionMask = 2147483647;
			files = (
			);
			runOnlyForDeploymentPostprocessing = 0;
		};
		4214B7781FF32F7A00908152 /* Frameworks */ = {
			isa = PBXFrameworksBuildPhase;
			buildActionMask = 2147483647;
			files = (
			);
			runOnlyForDeploymentPostprocessing = 0;
		};
/* End PBXFrameworksBuildPhase section */

/* Begin PBXGroup section */
		4214B7531FF32F7A00908152 = {
			isa = PBXGroup;
			children = (
				4214B75E1FF32F7A00908152 /* サンタさん */,
				4214B7731FF32F7A00908152 /* サンタさんTests */,
				4214B77E1FF32F7A00908152 /* サンタさんUITests */,
				4214B75D1FF32F7A00908152 /* Products */,
			);
			sourceTree = "<group>";
		};
		4214B75D1FF32F7A00908152 /* Products */ = {
			isa = PBXGroup;
			children = (
				4214B75C1FF32F7A00908152 /* サンタさん.app */,
				4214B7701FF32F7A00908152 /* サンタさんTests.xctest */,
				4214B77B1FF32F7A00908152 /* サンタさんUITests.xctest */,
			);
			name = Products;
			sourceTree = "<group>";
		};
		4214B75E1FF32F7A00908152 /* サンタさん */ = {
			isa = PBXGroup;
			children = (
				4214B75F1FF32F7A00908152 /* AppDelegate.swift */,
				4214B7611FF32F7A00908152 /* ViewController.swift */,
				4214B7631FF32F7A00908152 /* Main.storyboard */,
				4214B7661FF32F7A00908152 /* Assets.xcassets */,
				4214B7681FF32F7A00908152 /* LaunchScreen.storyboard */,
				4214B76B1FF32F7A00908152 /* Info.plist */,
			);
			path = "サンタさん";
			sourceTree = "<group>";
		};
		4214B7731FF32F7A00908152 /* サンタさんTests */ = {
			isa = PBXGroup;
			children = (
				4214B7741FF32F7A00908152 /* _____Tests.swift */,
				4214B7761FF32F7A00908152 /* Info.plist */,
			);
			path = "サンタさんTests";
			sourceTree = "<group>";
		};
		4214B77E1FF32F7A00908152 /* サンタさんUITests */ = {
			isa = PBXGroup;
			children = (
				4214B77F1FF32F7A00908152 /* _____UITests.swift */,
				4214B7811FF32F7A00908152 /* Info.plist */,
			);
			path = "サンタさんUITests";
			sourceTree = "<group>";
		};
/* End PBXGroup section */

/* Begin PBXNativeTarget section */
		4214B75B1FF32F7A00908152 /* サンタさん */ = {
			isa = PBXNativeTarget;
			buildConfigurationList = 4214B7841FF32F7A00908152 /* Build configuration list for PBXNativeTarget "サンタさん" */;
			buildPhases = (
				4214B7581FF32F7A00908152 /* Sources */,
				4214B7591FF32F7A00908152 /* Frameworks */,
				4214B75A1FF32F7A00908152 /* Resources */,
			);
			buildRules = (
			);
			dependencies = (
			);
			name = "サンタさん";
			productName = "サンタさん";
			productReference = 4214B75C1FF32F7A00908152 /* サンタさん.app */;
			productType = "com.apple.product-type.application";
		};
		4214B76F1FF32F7A00908152 /* サンタさんTests */ = {
			isa = PBXNativeTarget;
			buildConfigurationList = 4214B7871FF32F7A00908152 /* Build configuration list for PBXNativeTarget "サンタさんTests" */;
			buildPhases = (
				4214B76C1FF32F7A00908152 /* Sources */,
				4214B76D1FF32F7A00908152 /* Frameworks */,
				4214B76E1FF32F7A00908152 /* Resources */,
			);
			buildRules = (
			);
			dependencies = (
				4214B7721FF32F7A00908152 /* PBXTargetDependency */,
			);
			name = "サンタさんTests";
			productName = "サンタさんTests";
			productReference = 4214B7701FF32F7A00908152 /* サンタさんTests.xctest */;
			productType = "com.apple.product-type.bundle.unit-test";
		};
		4214B77A1FF32F7A00908152 /* サンタさんUITests */ = {
			isa = PBXNativeTarget;
			buildConfigurationList = 4214B78A1FF32F7A00908152 /* Build configuration list for PBXNativeTarget "サンタさんUITests" */;
			buildPhases = (
				4214B7771FF32F7A00908152 /* Sources */,
				4214B7781FF32F7A00908152 /* Frameworks */,
				4214B7791FF32F7A00908152 /* Resources */,
			);
			buildRules = (
			);
			dependencies = (
				4214B77D1FF32F7A00908152 /* PBXTargetDependency */,
			);
			name = "サンタさんUITests";
			productName = "サンタさんUITests";
			productReference = 4214B77B1FF32F7A00908152 /* サンタさんUITests.xctest */;
			productType = "com.apple.product-type.bundle.ui-testing";
		};
/* End PBXNativeTarget section */

/* Begin PBXProject section */
		4214B7541FF32F7A00908152 /* Project object */ = {
			isa = PBXProject;
			attributes = {
				LastSwiftUpdateCheck = 0920;
				LastUpgradeCheck = 0920;
				ORGANIZATIONNAME = "自分の名前";
				TargetAttributes = {
					4214B75B1FF32F7A00908152 = {
						CreatedOnToolsVersion = 9.2;
						ProvisioningStyle = Automatic;
					};
					4214B76F1FF32F7A00908152 = {
						CreatedOnToolsVersion = 9.2;
						ProvisioningStyle = Automatic;
						TestTargetID = 4214B75B1FF32F7A00908152;
					};
					4214B77A1FF32F7A00908152 = {
						CreatedOnToolsVersion = 9.2;
						ProvisioningStyle = Automatic;
						TestTargetID = 4214B75B1FF32F7A00908152;
					};
				};
			};
			buildConfigurationList = 4214B7571FF32F7A00908152 /* Build configuration list for PBXProject "サンタさん" */;
			compatibilityVersion = "Xcode 8.0";
			developmentRegion = en;
			hasScannedForEncodings = 0;
			knownRegions = (
				en,
				Base,
			);
			mainGroup = 4214B7531FF32F7A00908152;
			productRefGroup = 4214B75D1FF32F7A00908152 /* Products */;
			projectDirPath = "";
			projectRoot = "";
			targets = (
				4214B75B1FF32F7A00908152 /* サンタさん */,
				4214B76F1FF32F7A00908152 /* サンタさんTests */,
				4214B77A1FF32F7A00908152 /* サンタさんUITests */,
			);
		};
/* End PBXProject section */

/* Begin PBXResourcesBuildPhase section */
		4214B75A1FF32F7A00908152 /* Resources */ = {
			isa = PBXResourcesBuildPhase;
			buildActionMask = 2147483647;
			files = (
				4214B76A1FF32F7A00908152 /* LaunchScreen.storyboard in Resources */,
				4214B7671FF32F7A00908152 /* Assets.xcassets in Resources */,
				4214B7651FF32F7A00908152 /* Main.storyboard in Resources */,
			);
			runOnlyForDeploymentPostprocessing = 0;
		};
		4214B76E1FF32F7A00908152 /* Resources */ = {
			isa = PBXResourcesBuildPhase;
			buildActionMask = 2147483647;
			files = (
			);
			runOnlyForDeploymentPostprocessing = 0;
		};
		4214B7791FF32F7A00908152 /* Resources */ = {
			isa = PBXResourcesBuildPhase;
			buildActionMask = 2147483647;
			files = (
			);
			runOnlyForDeploymentPostprocessing = 0;
		};
/* End PBXResourcesBuildPhase section */

/* Begin PBXSourcesBuildPhase section */
		4214B7581FF32F7A00908152 /* Sources */ = {
			isa = PBXSourcesBuildPhase;
			buildActionMask = 2147483647;
			files = (
				4214B7621FF32F7A00908152 /* ViewController.swift in Sources */,
				4214B7601FF32F7A00908152 /* AppDelegate.swift in Sources */,
			);
			runOnlyForDeploymentPostprocessing = 0;
		};
		4214B76C1FF32F7A00908152 /* Sources */ = {
			isa = PBXSourcesBuildPhase;
			buildActionMask = 2147483647;
			files = (
				4214B7751FF32F7A00908152 /* _____Tests.swift in Sources */,
			);
			runOnlyForDeploymentPostprocessing = 0;
		};
		4214B7771FF32F7A00908152 /* Sources */ = {
			isa = PBXSourcesBuildPhase;
			buildActionMask = 2147483647;
			files = (
				4214B7801FF32F7A00908152 /* _____UITests.swift in Sources */,
			);
			runOnlyForDeploymentPostprocessing = 0;
		};
/* End PBXSourcesBuildPhase section */

/* Begin PBXTargetDependency section */
		4214B7721FF32F7A00908152 /* PBXTargetDependency */ = {
			isa = PBXTargetDependency;
			target = 4214B75B1FF32F7A00908152 /* サンタさん */;
			targetProxy = 4214B7711FF32F7A00908152 /* PBXContainerItemProxy */;
		};
		4214B77D1FF32F7A00908152 /* PBXTargetDependency */ = {
			isa = PBXTargetDependency;
			target = 4214B75B1FF32F7A00908152 /* サンタさん */;
			targetProxy = 4214B77C1FF32F7A00908152 /* PBXContainerItemProxy */;
		};
/* End PBXTargetDependency section */

/* Begin PBXVariantGroup section */
		4214B7631FF32F7A00908152 /* Main.storyboard */ = {
			isa = PBXVariantGroup;
			children = (
				4214B7641FF32F7A00908152 /* Base */,
			);
			name = Main.storyboard;
			sourceTree = "<group>";
		};
		4214B7681FF32F7A00908152 /* LaunchScreen.storyboard */ = {
			isa = PBXVariantGroup;
			children = (
				4214B7691FF32F7A00908152 /* Base */,
			);
			name = LaunchScreen.storyboard;
			sourceTree = "<group>";
		};
/* End PBXVariantGroup section */

/* Begin XCBuildConfiguration section */
		4214B7821FF32F7A00908152 /* Debug */ = {
			isa = XCBuildConfiguration;
			buildSettings = {
				ALWAYS_SEARCH_USER_PATHS = NO;
				CLANG_ANALYZER_NONNULL = YES;
				CLANG_ANALYZER_NUMBER_OBJECT_CONVERSION = YES_AGGRESSIVE;
				CLANG_CXX_LANGUAGE_STANDARD = "gnu++14";
				CLANG_CXX_LIBRARY = "libc++";
				CLANG_ENABLE_MODULES = YES;
				CLANG_ENABLE_OBJC_ARC = YES;
				CLANG_WARN_BLOCK_CAPTURE_AUTORELEASING = YES;
				CLANG_WARN_BOOL_CONVERSION = YES;
				CLANG_WARN_COMMA = YES;
				CLANG_WARN_CONSTANT_CONVERSION = YES;
				CLANG_WARN_DIRECT_OBJC_ISA_USAGE = YES_ERROR;
				CLANG_WARN_DOCUMENTATION_COMMENTS = YES;
				CLANG_WARN_EMPTY_BODY = YES;
				CLANG_WARN_ENUM_CONVERSION = YES;
				CLANG_WARN_INFINITE_RECURSION = YES;
				CLANG_WARN_INT_CONVERSION = YES;
				CLANG_WARN_NON_LITERAL_NULL_CONVERSION = YES;
				CLANG_WARN_OBJC_LITERAL_CONVERSION = YES;
				CLANG_WARN_OBJC_ROOT_CLASS = YES_ERROR;
				CLANG_WARN_RANGE_LOOP_ANALYSIS = YES;
				CLANG_WARN_STRICT_PROTOTYPES = YES;
				CLANG_WARN_SUSPICIOUS_MOVE = YES;
				CLANG_WARN_UNGUARDED_AVAILABILITY = YES_AGGRESSIVE;
				CLANG_WARN_UNREACHABLE_CODE = YES;
				CLANG_WARN__DUPLICATE_METHOD_MATCH = YES;
				CODE_SIGN_IDENTITY = "iPhone Developer";
				COPY_PHASE_STRIP = NO;
				DEBUG_INFORMATION_FORMAT = dwarf;
				ENABLE_STRICT_OBJC_MSGSEND = YES;
				ENABLE_TESTABILITY = YES;
				GCC_C_LANGUAGE_STANDARD = gnu11;
				GCC_DYNAMIC_NO_PIC = NO;
				GCC_NO_COMMON_BLOCKS = YES;
				GCC_OPTIMIZATION_LEVEL = 0;
				GCC_PREPROCESSOR_DEFINITIONS = (
					"DEBUG=1",
					"$(inherited)",
				);
				GCC_WARN_64_TO_32_BIT_CONVERSION = YES;
				GCC_WARN_ABOUT_RETURN_TYPE = YES_ERROR;
				GCC_WARN_UNDECLARED_SELECTOR = YES;
				GCC_WARN_UNINITIALIZED_AUTOS = YES_AGGRESSIVE;
				GCC_WARN_UNUSED_FUNCTION = YES;
				GCC_WARN_UNUSED_VARIABLE = YES;
				IPHONEOS_DEPLOYMENT_TARGET = 11.2;
				MTL_ENABLE_DEBUG_INFO = YES;
				ONLY_ACTIVE_ARCH = YES;
				SDKROOT = iphoneos;
				SWIFT_ACTIVE_COMPILATION_CONDITIONS = DEBUG;
				SWIFT_OPTIMIZATION_LEVEL = "-Onone";
			};
			name = Debug;
		};
		4214B7831FF32F7A00908152 /* Release */ = {
			isa = XCBuildConfiguration;
			buildSettings = {
				ALWAYS_SEARCH_USER_PATHS = NO;
				CLANG_ANALYZER_NONNULL = YES;
				CLANG_ANALYZER_NUMBER_OBJECT_CONVERSION = YES_AGGRESSIVE;
				CLANG_CXX_LANGUAGE_STANDARD = "gnu++14";
				CLANG_CXX_LIBRARY = "libc++";
				CLANG_ENABLE_MODULES = YES;
				CLANG_ENABLE_OBJC_ARC = YES;
				CLANG_WARN_BLOCK_CAPTURE_AUTORELEASING = YES;
				CLANG_WARN_BOOL_CONVERSION = YES;
				CLANG_WARN_COMMA = YES;
				CLANG_WARN_CONSTANT_CONVERSION = YES;
				CLANG_WARN_DIRECT_OBJC_ISA_USAGE = YES_ERROR;
				CLANG_WARN_DOCUMENTATION_COMMENTS = YES;
				CLANG_WARN_EMPTY_BODY = YES;
				CLANG_WARN_ENUM_CONVERSION = YES;
				CLANG_WARN_INFINITE_RECURSION = YES;
				CLANG_WARN_INT_CONVERSION = YES;
				CLANG_WARN_NON_LITERAL_NULL_CONVERSION = YES;
				CLANG_WARN_OBJC_LITERAL_CONVERSION = YES;
				CLANG_WARN_OBJC_ROOT_CLASS = YES_ERROR;
				CLANG_WARN_RANGE_LOOP_ANALYSIS = YES;
				CLANG_WARN_STRICT_PROTOTYPES = YES;
				CLANG_WARN_SUSPICIOUS_MOVE = YES;
				CLANG_WARN_UNGUARDED_AVAILABILITY = YES_AGGRESSIVE;
				CLANG_WARN_UNREACHABLE_CODE = YES;
				CLANG_WARN__DUPLICATE_METHOD_MATCH = YES;
				CODE_SIGN_IDENTITY = "iPhone Developer";
				COPY_PHASE_STRIP = NO;
				DEBUG_INFORMATION_FORMAT = "dwarf-with-dsym";
				ENABLE_NS_ASSERTIONS = NO;
				ENABLE_STRICT_OBJC_MSGSEND = YES;
				GCC_C_LANGUAGE_STANDARD = gnu11;
				GCC_NO_COMMON_BLOCKS = YES;
				GCC_WARN_64_TO_32_BIT_CONVERSION = YES;
				GCC_WARN_ABOUT_RETURN_TYPE = YES_ERROR;
				GCC_WARN_UNDECLARED_SELECTOR = YES;
				GCC_WARN_UNINITIALIZED_AUTOS = YES_AGGRESSIVE;
				GCC_WARN_UNUSED_FUNCTION = YES;
				GCC_WARN_UNUSED_VARIABLE = YES;
				IPHONEOS_DEPLOYMENT_TARGET = 11.2;
				MTL_ENABLE_DEBUG_INFO = NO;
				SDKROOT = iphoneos;
				SWIFT_OPTIMIZATION_LEVEL = "-Owholemodule";
				VALIDATE_PRODUCT = YES;
			};
			name = Release;
		};
		4214B7851FF32F7A00908152 /* Debug */ = {
			isa = XCBuildConfiguration;
			buildSettings = {
				ASSETCATALOG_COMPILER_APPICON_NAME = AppIcon;
				CODE_SIGN_STYLE = Automatic;
				INFOPLIST_FILE = "サンタさん/Info.plist";
				LD_RUNPATH_SEARCH_PATHS = "$(inherited) @executable_path/Frameworks";
				PRODUCT_BUNDLE_IDENTIFIER = "edu.self.-----";
				PRODUCT_NAME = "$(TARGET_NAME)";
				SWIFT_VERSION = 4.0;
				TARGETED_DEVICE_FAMILY = "1,2";
			};
			name = Debug;
		};
		4214B7861FF32F7A00908152 /* Release */ = {
			isa = XCBuildConfiguration;
			buildSettings = {
				ASSETCATALOG_COMPILER_APPICON_NAME = AppIcon;
				CODE_SIGN_STYLE = Automatic;
				INFOPLIST_FILE = "サンタさん/Info.plist";
				LD_RUNPATH_SEARCH_PATHS = "$(inherited) @executable_path/Frameworks";
				PRODUCT_BUNDLE_IDENTIFIER = "edu.self.-----";
				PRODUCT_NAME = "$(TARGET_NAME)";
				SWIFT_VERSION = 4.0;
				TARGETED_DEVICE_FAMILY = "1,2";
			};
			name = Release;
		};
		4214B7881FF32F7A00908152 /* Debug */ = {
			isa = XCBuildConfiguration;
			buildSettings = {
				ALWAYS_EMBED_SWIFT_STANDARD_LIBRARIES = YES;
				BUNDLE_LOADER = "$(TEST_HOST)";
				CODE_SIGN_STYLE = Automatic;
				INFOPLIST_FILE = "サンタさんTests/Info.plist";
				LD_RUNPATH_SEARCH_PATHS = "$(inherited) @executable_path/Frameworks @loader_path/Frameworks";
				PRODUCT_BUNDLE_IDENTIFIER = "edu.self.-----Tests";
				PRODUCT_NAME = "$(TARGET_NAME)";
				SWIFT_VERSION = 4.0;
				TARGETED_DEVICE_FAMILY = "1,2";
				TEST_HOST = "$(BUILT_PRODUCTS_DIR)/サンタさん.app/サンタさん";
			};
			name = Debug;
		};
		4214B7891FF32F7A00908152 /* Release */ = {
			isa = XCBuildConfiguration;
			buildSettings = {
				ALWAYS_EMBED_SWIFT_STANDARD_LIBRARIES = YES;
				BUNDLE_LOADER = "$(TEST_HOST)";
				CODE_SIGN_STYLE = Automatic;
				INFOPLIST_FILE = "サンタさんTests/Info.plist";
				LD_RUNPATH_SEARCH_PATHS = "$(inherited) @executable_path/Frameworks @loader_path/Frameworks";
				PRODUCT_BUNDLE_IDENTIFIER = "edu.self.-----Tests";
				PRODUCT_NAME = "$(TARGET_NAME)";
				SWIFT_VERSION = 4.0;
				TARGETED_DEVICE_FAMILY = "1,2";
				TEST_HOST = "$(BUILT_PRODUCTS_DIR)/サンタさん.app/サンタさん";
			};
			name = Release;
		};
		4214B78B1FF32F7A00908152 /* Debug */ = {
			isa = XCBuildConfiguration;
			buildSettings = {
				ALWAYS_EMBED_SWIFT_STANDARD_LIBRARIES = YES;
				CODE_SIGN_STYLE = Automatic;
				INFOPLIST_FILE = "サンタさんUITests/Info.plist";
				LD_RUNPATH_SEARCH_PATHS = "$(inherited) @executable_path/Frameworks @loader_path/Frameworks";
				PRODUCT_BUNDLE_IDENTIFIER = "edu.self.-----UITests";
				PRODUCT_NAME = "$(TARGET_NAME)";
				SWIFT_VERSION = 4.0;
				TARGETED_DEVICE_FAMILY = "1,2";
				TEST_TARGET_NAME = "サンタさん";
			};
			name = Debug;
		};
		4214B78C1FF32F7A00908152 /* Release */ = {
			isa = XCBuildConfiguration;
			buildSettings = {
				ALWAYS_EMBED_SWIFT_STANDARD_LIBRARIES = YES;
				CODE_SIGN_STYLE = Automatic;
				INFOPLIST_FILE = "サンタさんUITests/Info.plist";
				LD_RUNPATH_SEARCH_PATHS = "$(inherited) @executable_path/Frameworks @loader_path/Frameworks";
				PRODUCT_BUNDLE_IDENTIFIER = "edu.self.-----UITests";
				PRODUCT_NAME = "$(TARGET_NAME)";
				SWIFT_VERSION = 4.0;
				TARGETED_DEVICE_FAMILY = "1,2";
				TEST_TARGET_NAME = "サンタさん";
			};
			name = Release;
		};
/* End XCBuildConfiguration section */

/* Begin XCConfigurationList section */
		4214B7571FF32F7A00908152 /* Build configuration list for PBXProject "サンタさん" */ = {
			isa = XCConfigurationList;
			buildConfigurations = (
				4214B7821FF32F7A00908152 /* Debug */,
				4214B7831FF32F7A00908152 /* Release */,
			);
			defaultConfigurationIsVisible = 0;
			defaultConfigurationName = Release;
		};
		4214B7841FF32F7A00908152 /* Build configuration list for PBXNativeTarget "サンタさん" */ = {
			isa = XCConfigurationList;
			buildConfigurations = (
				4214B7851FF32F7A00908152 /* Debug */,
				4214B7861FF32F7A00908152 /* Release */,
			);
			defaultConfigurationIsVisible = 0;
			defaultConfigurationName = Release;
		};
		4214B7871FF32F7A00908152 /* Build configuration list for PBXNativeTarget "サンタさんTests" */ = {
			isa = XCConfigurationList;
			buildConfigurations = (
				4214B7881FF32F7A00908152 /* Debug */,
				4214B7891FF32F7A00908152 /* Release */,
			);
			defaultConfigurationIsVisible = 0;
			defaultConfigurationName = Release;
		};
		4214B78A1FF32F7A00908152 /* Build configuration list for PBXNativeTarget "サンタさんUITests" */ = {
			isa = XCConfigurationList;
			buildConfigurations = (
				4214B78B1FF32F7A00908152 /* Debug */,
				4214B78C1FF32F7A00908152 /* Release */,
			);
			defaultConfigurationIsVisible = 0;
			defaultConfigurationName = Release;
		};
/* End XCConfigurationList section */
	};
	rootObject = 4214B7541FF32F7A00908152 /* Project object */;
}
